
Microsoft Visual Studio Solution File, Format Version 12.00
Project("{FAE04EC0-301F-11D3-BF4B-00C04F79EFBC}") = "RavenDb.Tryouts.Api", "RavenDb.Tryouts.Api\RavenDb.Tryouts.Api.csproj", "{E93729B2-00D2-4CB0-A85F-666C32A26101}"
EndProject
Project("{FAE04EC0-301F-11D3-BF4B-00C04F79EFBC}") = "RavenDb.Tryouts.DataLayer", "RavenDb.Tryouts.DataLayer\RavenDb.Tryouts.DataLayer.csproj", "{99560D31-3160-468D-B943-EA5AB137EEE7}"
EndProject
Global
	GlobalSection(SolutionConfigurationPlatforms) = preSolution
		Debug|Any CPU = Debug|Any CPU
		Release|Any CPU = Release|Any CPU
	EndGlobalSection
	GlobalSection(ProjectConfigurationPlatforms) = postSolution
		{E93729B2-00D2-4CB0-A85F-666C32A26101}.Debug|Any CPU.ActiveCfg = Debug|Any CPU
		{E93729B2-00D2-4CB0-A85F-666C32A26101}.Debug|Any CPU.Build.0 = Debug|Any CPU
		{E93729B2-00D2-4CB0-A85F-666C32A26101}.Release|Any CPU.ActiveCfg = Release|Any CPU
		{E93729B2-00D2-4CB0-A85F-666C32A26101}.Release|Any CPU.Build.0 = Release|Any CPU
		{99560D31-3160-468D-B943-EA5AB137EEE7}.Debug|Any CPU.ActiveCfg = Debug|Any CPU
		{99560D31-3160-468D-B943-EA5AB137EEE7}.Debug|Any CPU.Build.0 = Debug|Any CPU
		{99560D31-3160-468D-B943-EA5AB137EEE7}.Release|Any CPU.ActiveCfg = Release|Any CPU
		{99560D31-3160-468D-B943-EA5AB137EEE7}.Release|Any CPU.Build.0 = Release|Any CPU
	EndGlobalSection
EndGlobal
